
Microsoft Visual Studio Solution File, Format Version 12.00
# Visual Studio Version 16
VisualStudioVersion = 16.0.34407.143
MinimumVisualStudioVersion = 10.0.40219.1
Project("{FAE04EC0-301F-11D3-BF4B-00C04F79EFBC}") = "Buoi", "Buoi.csproj", "{5EA54EA1-71F0-4770-B40F-67AD50E4538D}"
EndProject
Global
	GlobalSection(SolutionConfigurationPlatforms) = preSolution
		Debug|Any CPU = Debug|Any CPU
		Release|Any CPU = Release|Any CPU
	EndGlobalSection
	GlobalSection(ProjectConfigurationPlatforms) = postSolution
		{5EA54EA1-71F0-4770-B40F-67AD50E4538D}.Debug|Any CPU.ActiveCfg = Debug|Any CPU
		{5EA54EA1-71F0-4770-B40F-67AD50E4538D}.Debug|Any CPU.Build.0 = Debug|Any CPU
		{5EA54EA1-71F0-4770-B40F-67AD50E4538D}.Release|Any CPU.ActiveCfg = Release|Any CPU
		{5EA54EA1-71F0-4770-B40F-67AD50E4538D}.Release|Any CPU.Build.0 = Release|Any CPU
	EndGlobalSection
	GlobalSection(SolutionProperties) = preSolution
		HideSolutionNode = FALSE
	EndGlobalSection
	GlobalSection(ExtensibilityGlobals) = postSolution
		SolutionGuid = {0C7AA4CB-3263-4033-A921-07DD094880E1}
	EndGlobalSection
EndGlobal
