
Microsoft Visual Studio Solution File, Format Version 12.00
# Visual Studio Version 16
VisualStudioVersion = 16.0.34407.143
MinimumVisualStudioVersion = 10.0.40219.1
Project("{FAE04EC0-301F-11D3-BF4B-00C04F79EFBC}") = "LoginSV", "LoginSV.csproj", "{81204515-63A3-4603-A27D-6853197B44FA}"
EndProject
Global
	GlobalSection(SolutionConfigurationPlatforms) = preSolution
		Debug|Any CPU = Debug|Any CPU
		Release|Any CPU = Release|Any CPU
	EndGlobalSection
	GlobalSection(ProjectConfigurationPlatforms) = postSolution
		{81204515-63A3-4603-A27D-6853197B44FA}.Debug|Any CPU.ActiveCfg = Debug|Any CPU
		{81204515-63A3-4603-A27D-6853197B44FA}.Debug|Any CPU.Build.0 = Debug|Any CPU
		{81204515-63A3-4603-A27D-6853197B44FA}.Release|Any CPU.ActiveCfg = Release|Any CPU
		{81204515-63A3-4603-A27D-6853197B44FA}.Release|Any CPU.Build.0 = Release|Any CPU
	EndGlobalSection
	GlobalSection(SolutionProperties) = preSolution
		HideSolutionNode = FALSE
	EndGlobalSection
	GlobalSection(ExtensibilityGlobals) = postSolution
		SolutionGuid = {037AEE23-95E6-412F-B13E-7A46292889C1}
	EndGlobalSection
EndGlobal
